
Microsoft Visual Studio Solution File, Format Version 12.00
# Visual Studio Version 16
VisualStudioVersion = 16.0.29613.14
MinimumVisualStudioVersion = 10.0.40219.1
Project("{F184B08F-C81C-45F6-A57F-5ABD9991F28F}") = "BTL-aspNet-mvc", "BTL-aspNet-mvc\BTL-aspNet-mvc.vbproj", "{1AB4017F-55C8-4235-92F1-20C09F1DBF44}"
EndProject
Global
	GlobalSection(SolutionConfigurationPlatforms) = preSolution
		Debug|Any CPU = Debug|Any CPU
		Release|Any CPU = Release|Any CPU
	EndGlobalSection
	GlobalSection(ProjectConfigurationPlatforms) = postSolution
		{1AB4017F-55C8-4235-92F1-20C09F1DBF44}.Debug|Any CPU.ActiveCfg = Debug|Any CPU
		{1AB4017F-55C8-4235-92F1-20C09F1DBF44}.Debug|Any CPU.Build.0 = Debug|Any CPU
		{1AB4017F-55C8-4235-92F1-20C09F1DBF44}.Release|Any CPU.ActiveCfg = Release|Any CPU
		{1AB4017F-55C8-4235-92F1-20C09F1DBF44}.Release|Any CPU.Build.0 = Release|Any CPU
	EndGlobalSection
	GlobalSection(SolutionProperties) = preSolution
		HideSolutionNode = FALSE
	EndGlobalSection
	GlobalSection(ExtensibilityGlobals) = postSolution
		SolutionGuid = {CC138384-2C41-4BC6-82AA-A3572C15D92C}
	EndGlobalSection
EndGlobal
